{
  "name": "BTC PREDICTION",
  "lockfileVersion": 3,
  "requires": true,
  "packages": {
    "": {
      "dependencies": {
        "@fontsource/orbitron": "^5.2.6"
      }
    },
    "node_modules/@fontsource/orbitron": {
      "version": "5.2.6",
      "resolved": "https://registry.npmjs.org/@fontsource/orbitron/-/orbitron-5.2.6.tgz",
      "integrity": "sha512-m6lI9jsts7Wk1gyMysEJSexkrZAqxDZ3DjTKMo4PJPKrYA3i//9iUp1Zy5NggPL6zyfQNbfpZwjtX9lrA3Zd3Q==",
      "license": "OFL-1.1",
      "funding": {
        "url": "https://github.com/sponsors/ayuhito"
      }
    }
  }
}
